
Microsoft Visual Studio Solution File, Format Version 12.00
# Visual Studio Version 17
VisualStudioVersion = 17.0.31919.166
MinimumVisualStudioVersion = 10.0.40219.1
Project("{FAE04EC0-301F-11D3-BF4B-00C04F79EFBC}") = "Szakdolgozat", "Szakdolgozat\Szakdolgozat.csproj", "{505CA39C-110B-4953-BB8C-0F915D188390}"
EndProject
Global
	GlobalSection(SolutionConfigurationPlatforms) = preSolution
		Debug|Any CPU = Debug|Any CPU
		Release|Any CPU = Release|Any CPU
	EndGlobalSection
	GlobalSection(ProjectConfigurationPlatforms) = postSolution
		{505CA39C-110B-4953-BB8C-0F915D188390}.Debug|Any CPU.ActiveCfg = Debug|Any CPU
		{505CA39C-110B-4953-BB8C-0F915D188390}.Debug|Any CPU.Build.0 = Debug|Any CPU
		{505CA39C-110B-4953-BB8C-0F915D188390}.Release|Any CPU.ActiveCfg = Release|Any CPU
		{505CA39C-110B-4953-BB8C-0F915D188390}.Release|Any CPU.Build.0 = Release|Any CPU
	EndGlobalSection
	GlobalSection(SolutionProperties) = preSolution
		HideSolutionNode = FALSE
	EndGlobalSection
	GlobalSection(ExtensibilityGlobals) = postSolution
		SolutionGuid = {E10E13EA-EFD2-4641-8E32-91DE16DFDAB9}
	EndGlobalSection
EndGlobal
